
Microsoft Visual Studio Solution File, Format Version 12.00
# Visual Studio Version 17
VisualStudioVersion = 17.2.32616.157
MinimumVisualStudioVersion = 10.0.40219.1
Project("{FAE04EC0-301F-11D3-BF4B-00C04F79EFBC}") = "GNFDDS", "GNFDDS\GNFDDS.csproj", "{ABDA9F34-528D-4E5F-B88E-CC31C91BEAEF}"
EndProject
Global
	GlobalSection(SolutionConfigurationPlatforms) = preSolution
		Debug|Any CPU = Debug|Any CPU
		Release|Any CPU = Release|Any CPU
	EndGlobalSection
	GlobalSection(ProjectConfigurationPlatforms) = postSolution
		{ABDA9F34-528D-4E5F-B88E-CC31C91BEAEF}.Debug|Any CPU.ActiveCfg = Debug|Any CPU
		{ABDA9F34-528D-4E5F-B88E-CC31C91BEAEF}.Debug|Any CPU.Build.0 = Debug|Any CPU
		{ABDA9F34-528D-4E5F-B88E-CC31C91BEAEF}.Release|Any CPU.ActiveCfg = Release|Any CPU
		{ABDA9F34-528D-4E5F-B88E-CC31C91BEAEF}.Release|Any CPU.Build.0 = Release|Any CPU
	EndGlobalSection
	GlobalSection(SolutionProperties) = preSolution
		HideSolutionNode = FALSE
	EndGlobalSection
	GlobalSection(ExtensibilityGlobals) = postSolution
		SolutionGuid = {1E72BDA0-D550-431D-99A8-AAC0D14474B3}
	EndGlobalSection
EndGlobal
